PODS:
  - Afflatus/Core (0.1.0):
    - RxSwift
  - Nimble (7.0.3)
  - Quick (1.2.0)
  - RxAtomic (4.4.1)
  - RxSwift (4.4.1):
    - RxAtomic (~> 4.4)

DEPENDENCIES:
  - Afflatus/Core (from `../`)
  - Nimble (~> 7.0.2)
  - Quick (~> 1.2.0)

SPEC REPOS:
  https://github.com/cocoapods/specs.git:
    - Nimble
    - Quick
    - RxAtomic
    - RxSwift

EXTERNAL SOURCES:
  Afflatus:
    :path: "../"

SPEC CHECKSUMS:
  Afflatus: e599fd3bf73d3b84812963562258d845544c2943
  Nimble: 7f5a9c447a33002645a071bddafbfb24ea70e0ac
  Quick: 58d203b1c5e27fff7229c4c1ae445ad7069a7a08
  RxAtomic: f8d6adc1ccb87a767811269e4875887bc74dbf19
  RxSwift: 92fcf68dfef21f3e2ab1965363d9e7b3d787597e

PODFILE CHECKSUM: fc4802aeeafcbc225ea0466ba7ca1abfe6b726a5

COCOAPODS: 1.6.0
